
Microsoft Visual Studio Solution File, Format Version 12.00
# Visual Studio Version 16
VisualStudioVersion = 16.0.31911.196
MinimumVisualStudioVersion = 10.0.40219.1
Project("{FAE04EC0-301F-11D3-BF4B-00C04F79EFBC}") = "PasswordManager", "PasswordManager\PasswordManager.csproj", "{7D2E0213-6940-4A30-9684-CC6982EFA106}"
EndProject
Global
	GlobalSection(SolutionConfigurationPlatforms) = preSolution
		Debug|Any CPU = Debug|Any CPU
		Release|Any CPU = Release|Any CPU
	EndGlobalSection
	GlobalSection(ProjectConfigurationPlatforms) = postSolution
		{7D2E0213-6940-4A30-9684-CC6982EFA106}.Debug|Any CPU.ActiveCfg = Debug|Any CPU
		{7D2E0213-6940-4A30-9684-CC6982EFA106}.Debug|Any CPU.Build.0 = Debug|Any CPU
		{7D2E0213-6940-4A30-9684-CC6982EFA106}.Release|Any CPU.ActiveCfg = Release|Any CPU
		{7D2E0213-6940-4A30-9684-CC6982EFA106}.Release|Any CPU.Build.0 = Release|Any CPU
	EndGlobalSection
	GlobalSection(SolutionProperties) = preSolution
		HideSolutionNode = FALSE
	EndGlobalSection
	GlobalSection(ExtensibilityGlobals) = postSolution
		SolutionGuid = {88D1BAD6-0CD9-41E6-94AC-78F31A8F85FB}
	EndGlobalSection
EndGlobal
